
Microsoft Visual Studio Solution File, Format Version 12.00
# Visual Studio 15
VisualStudioVersion = 15.0.28307.421
MinimumVisualStudioVersion = 10.0.40219.1
Project("{FAE04EC0-301F-11D3-BF4B-00C04F79EFBC}") = "ConsoleApp1", "ConsoleApp1\ConsoleApp1.csproj", "{7CD0372C-13E0-4127-8FFA-13EBE9BE08EA}"
EndProject
Global
	GlobalSection(SolutionConfigurationPlatforms) = preSolution
		Debug|Any CPU = Debug|Any CPU
		Release|Any CPU = Release|Any CPU
	EndGlobalSection
	GlobalSection(ProjectConfigurationPlatforms) = postSolution
		{7CD0372C-13E0-4127-8FFA-13EBE9BE08EA}.Debug|Any CPU.ActiveCfg = Debug|Any CPU
		{7CD0372C-13E0-4127-8FFA-13EBE9BE08EA}.Debug|Any CPU.Build.0 = Debug|Any CPU
		{7CD0372C-13E0-4127-8FFA-13EBE9BE08EA}.Release|Any CPU.ActiveCfg = Release|Any CPU
		{7CD0372C-13E0-4127-8FFA-13EBE9BE08EA}.Release|Any CPU.Build.0 = Release|Any CPU
	EndGlobalSection
	GlobalSection(SolutionProperties) = preSolution
		HideSolutionNode = FALSE
	EndGlobalSection
	GlobalSection(ExtensibilityGlobals) = postSolution
		SolutionGuid = {B42E4451-9645-4389-83E4-EA5E819BFBDC}
	EndGlobalSection
EndGlobal
